
Microsoft Visual Studio Solution File, Format Version 12.00
# Visual Studio Version 16
VisualStudioVersion = 16.0.29806.167
MinimumVisualStudioVersion = 10.0.40219.1
Project("{8BC9CEB8-8B4A-11D0-8D11-00A0C91BC942}") = "drg-chp 5-numbers", "drg-chp 5-numbers.vcxproj", "{9B77991B-7C36-4AEF-98B2-EDAC606FBCF1}"
EndProject
Global
	GlobalSection(SolutionConfigurationPlatforms) = preSolution
		Debug|x64 = Debug|x64
		Debug|x86 = Debug|x86
		Release|x64 = Release|x64
		Release|x86 = Release|x86
	EndGlobalSection
	GlobalSection(ProjectConfigurationPlatforms) = postSolution
		{9B77991B-7C36-4AEF-98B2-EDAC606FBCF1}.Debug|x64.ActiveCfg = Debug|x64
		{9B77991B-7C36-4AEF-98B2-EDAC606FBCF1}.Debug|x64.Build.0 = Debug|x64
		{9B77991B-7C36-4AEF-98B2-EDAC606FBCF1}.Debug|x86.ActiveCfg = Debug|Win32
		{9B77991B-7C36-4AEF-98B2-EDAC606FBCF1}.Debug|x86.Build.0 = Debug|Win32
		{9B77991B-7C36-4AEF-98B2-EDAC606FBCF1}.Release|x64.ActiveCfg = Release|x64
		{9B77991B-7C36-4AEF-98B2-EDAC606FBCF1}.Release|x64.Build.0 = Release|x64
		{9B77991B-7C36-4AEF-98B2-EDAC606FBCF1}.Release|x86.ActiveCfg = Release|Win32
		{9B77991B-7C36-4AEF-98B2-EDAC606FBCF1}.Release|x86.Build.0 = Release|Win32
	EndGlobalSection
	GlobalSection(SolutionProperties) = preSolution
		HideSolutionNode = FALSE
	EndGlobalSection
	GlobalSection(ExtensibilityGlobals) = postSolution
		SolutionGuid = {7A190C1A-0C4E-454B-B0FE-31D0C78DA55B}
	EndGlobalSection
EndGlobal
